
Microsoft Visual Studio Solution File, Format Version 12.00
# Visual Studio 15
VisualStudioVersion = 15.0.27130.2027
MinimumVisualStudioVersion = 10.0.40219.1
Project("{9A19103F-16F7-4668-BE54-9A1E7A4F7556}") = "_build", "build\_build.csproj", "{E0382D16-DBDD-45FF-97B9-782A8F6A65AA}"
EndProject
Project("{9A19103F-16F7-4668-BE54-9A1E7A4F7556}") = "Nuke.Docker", "src\Nuke.Docker\Nuke.Docker.csproj", "{B956850B-E0CF-4963-A32E-1ACA4931CEE0}"
EndProject
Project("{9A19103F-16F7-4668-BE54-9A1E7A4F7556}") = "Nuke.Docker.Tests", "src\Nuke.Docker.Tests\Nuke.Docker.Tests.csproj", "{DE5B0746-D33D-4B87-8F0E-853F8884E7AE}"
EndProject
Project("{2150E333-8FDC-42A3-9474-1A3956D46DE8}") = "misc", "misc", "{7019BFCE-0941-43F1-BB7A-8331F6DF652C}"
	ProjectSection(SolutionItems) = preProject
		CHANGELOG.md = CHANGELOG.md
		README.md = README.md
	EndProjectSection
EndProject
Global
	GlobalSection(SolutionConfigurationPlatforms) = preSolution
		Debug|Any CPU = Debug|Any CPU
		Release|Any CPU = Release|Any CPU
	EndGlobalSection
	GlobalSection(ProjectConfigurationPlatforms) = postSolution
		{E0382D16-DBDD-45FF-97B9-782A8F6A65AA}.Debug|Any CPU.ActiveCfg = Debug|Any CPU
		{E0382D16-DBDD-45FF-97B9-782A8F6A65AA}.Release|Any CPU.ActiveCfg = Debug|Any CPU
		{B956850B-E0CF-4963-A32E-1ACA4931CEE0}.Debug|Any CPU.ActiveCfg = Debug|Any CPU
		{B956850B-E0CF-4963-A32E-1ACA4931CEE0}.Debug|Any CPU.Build.0 = Debug|Any CPU
		{B956850B-E0CF-4963-A32E-1ACA4931CEE0}.Release|Any CPU.ActiveCfg = Release|Any CPU
		{B956850B-E0CF-4963-A32E-1ACA4931CEE0}.Release|Any CPU.Build.0 = Release|Any CPU
		{DE5B0746-D33D-4B87-8F0E-853F8884E7AE}.Debug|Any CPU.ActiveCfg = Debug|Any CPU
		{DE5B0746-D33D-4B87-8F0E-853F8884E7AE}.Debug|Any CPU.Build.0 = Debug|Any CPU
		{DE5B0746-D33D-4B87-8F0E-853F8884E7AE}.Release|Any CPU.ActiveCfg = Release|Any CPU
		{DE5B0746-D33D-4B87-8F0E-853F8884E7AE}.Release|Any CPU.Build.0 = Release|Any CPU
	EndGlobalSection
	GlobalSection(SolutionProperties) = preSolution
		HideSolutionNode = FALSE
	EndGlobalSection
	GlobalSection(NestedProjects) = preSolution
	EndGlobalSection
	GlobalSection(ExtensibilityGlobals) = postSolution
		SolutionGuid = {A2C37D4D-74E1-443B-999B-505B8C6694C9}
	EndGlobalSection
EndGlobal
