
Microsoft Visual Studio Solution File, Format Version 12.00
# Visual Studio 15
VisualStudioVersion = 15.0.27428.2005
MinimumVisualStudioVersion = 10.0.40219.1
Project("{9A19103F-16F7-4668-BE54-9A1E7A4F7556}") = ".build", ".build\.build.csproj", "{CC0913A7-3CF1-45E1-8226-71023733BE97}"
EndProject
Project("{9A19103F-16F7-4668-BE54-9A1E7A4F7556}") = "Nuke.Docker.Generator", "src\Nuke.Docker.Generator\Nuke.Docker.Generator.csproj", "{FF5C6967-F4B5-44B2-9A92-03C2269D2DEE}"
EndProject
Project("{9A19103F-16F7-4668-BE54-9A1E7A4F7556}") = "Nuke.Docker", "src\Nuke.Docker\Nuke.Docker.csproj", "{EFA0675E-B0B7-4674-9E5B-40E34A3B206B}"
EndProject
Project("{9A19103F-16F7-4668-BE54-9A1E7A4F7556}") = "Nuke.Docker.Generator.Tests", "tests\Nuke.Docker.Generator.Tests\Nuke.Docker.Generator.Tests.csproj", "{F4EE2620-D08B-446A-931D-CDAE51432496}"
EndProject
Project("{2150E333-8FDC-42A3-9474-1A3956D46DE8}") = "misc", "misc", "{8ACB496A-03F4-4399-A4C6-B04E006F78AF}"
	ProjectSection(SolutionItems) = preProject
		.gitattributes = .gitattributes
		.gitignore = .gitignore
		.nuke = .nuke
		build.ps1 = build.ps1
		build.sh = build.sh
		LICENSE = LICENSE
		nuke-docker.sln.DotSettings = nuke-docker.sln.DotSettings
		README.md = README.md
	EndProjectSection
EndProject
Global
	GlobalSection(SolutionConfigurationPlatforms) = preSolution
		Debug|Any CPU = Debug|Any CPU
		Release|Any CPU = Release|Any CPU
	EndGlobalSection
	GlobalSection(ProjectConfigurationPlatforms) = postSolution
		{CC0913A7-3CF1-45E1-8226-71023733BE97}.Debug|Any CPU.ActiveCfg = Debug|Any CPU
		{CC0913A7-3CF1-45E1-8226-71023733BE97}.Release|Any CPU.ActiveCfg = Release|Any CPU
		{FF5C6967-F4B5-44B2-9A92-03C2269D2DEE}.Debug|Any CPU.ActiveCfg = Debug|Any CPU
		{FF5C6967-F4B5-44B2-9A92-03C2269D2DEE}.Debug|Any CPU.Build.0 = Debug|Any CPU
		{FF5C6967-F4B5-44B2-9A92-03C2269D2DEE}.Release|Any CPU.ActiveCfg = Release|Any CPU
		{FF5C6967-F4B5-44B2-9A92-03C2269D2DEE}.Release|Any CPU.Build.0 = Release|Any CPU
		{EFA0675E-B0B7-4674-9E5B-40E34A3B206B}.Debug|Any CPU.ActiveCfg = Debug|Any CPU
		{EFA0675E-B0B7-4674-9E5B-40E34A3B206B}.Release|Any CPU.ActiveCfg = Release|Any CPU
		{EFA0675E-B0B7-4674-9E5B-40E34A3B206B}.Release|Any CPU.Build.0 = Release|Any CPU
		{F4EE2620-D08B-446A-931D-CDAE51432496}.Debug|Any CPU.ActiveCfg = Debug|Any CPU
		{F4EE2620-D08B-446A-931D-CDAE51432496}.Debug|Any CPU.Build.0 = Debug|Any CPU
		{F4EE2620-D08B-446A-931D-CDAE51432496}.Release|Any CPU.ActiveCfg = Release|Any CPU
		{F4EE2620-D08B-446A-931D-CDAE51432496}.Release|Any CPU.Build.0 = Release|Any CPU
	EndGlobalSection
	GlobalSection(SolutionProperties) = preSolution
		HideSolutionNode = FALSE
	EndGlobalSection
	GlobalSection(ExtensibilityGlobals) = postSolution
		SolutionGuid = {FA5C517C-9D92-485C-9796-5BC75DEF1ADC}
	EndGlobalSection
EndGlobal
